PODS:
  - ADAssertLayout (1.0.0)
  - ADLayoutTest (0.1.1):
    - ADAssertLayout (~> 1.0)
    - SwiftCheck (~> 0.12)
  - SnapshotTesting (1.7.2)
  - SwiftCheck (0.12.0)
  - SwiftLint (0.39.2)

DEPENDENCIES:
  - ADLayoutTest (from `../`)
  - SnapshotTesting (~> 1.5)
  - SwiftLint (~> 0.39)

SPEC REPOS:
  https://github.com/CocoaPods/Specs.git:
    - SwiftCheck
  trunk:
    - ADAssertLayout
    - SnapshotTesting
    - SwiftLint

EXTERNAL SOURCES:
  ADLayoutTest:
    :path: "../"

SPEC CHECKSUMS:
  ADAssertLayout: 76445db92dc9fbdcb4fd2d512d8333e902ae2a65
  ADLayoutTest: 1da1b51c7aeab8297e13b623b1af34b393fc927c
  SnapshotTesting: 8caa6661fea7c8019d5b46de77c16bab99c36c5c
  SwiftCheck: d1dd04d955cc76620b0f84e087536bd059a11c24
  SwiftLint: 22ccbbe3b8008684be5955693bab135e0ed6a447

PODFILE CHECKSUM: 69e048779b8f5015b72312461cdcbc629629ed8f

COCOAPODS: 1.9.1
