PODS:
  - ADAssertLayout (0.1.0)
  - ADLayoutTest (0.1.0):
    - ADAssertLayout (~> 0.1)
    - SwiftCheck (~> 0.12)
  - SwiftCheck (0.12.0)

DEPENDENCIES:
  - ADLayoutTest (from `../`)

SPEC REPOS:
  https://github.com/cocoapods/specs.git:
    - ADAssertLayout
    - SwiftCheck

EXTERNAL SOURCES:
  ADLayoutTest:
    :path: "../"

SPEC CHECKSUMS:
  ADAssertLayout: bb52c24de5c1e320cef2460c9df427e95033435c
  ADLayoutTest: a12eb80afe663707bbdc4bd3640daec2fbb30f35
  SwiftCheck: d1dd04d955cc76620b0f84e087536bd059a11c24

PODFILE CHECKSUM: b30d6be508ed6314ea4eff75bb9c084ea63373af

COCOAPODS: 1.6.1
